
Microsoft Visual Studio Solution File, Format Version 12.00
# Visual Studio 2012
Project("{FAE04EC0-301F-11D3-BF4B-00C04F79EFBC}") = "Singelton", "Singelton\Singelton.csproj", "{EA7F45E1-9C04-4B7D-91FC-4B1D548DEB90}"
EndProject
Global
	GlobalSection(SolutionConfigurationPlatforms) = preSolution
		Debug|x86 = Debug|x86
		Release|x86 = Release|x86
	EndGlobalSection
	GlobalSection(ProjectConfigurationPlatforms) = postSolution
		{EA7F45E1-9C04-4B7D-91FC-4B1D548DEB90}.Debug|x86.ActiveCfg = Debug|x86
		{EA7F45E1-9C04-4B7D-91FC-4B1D548DEB90}.Debug|x86.Build.0 = Debug|x86
		{EA7F45E1-9C04-4B7D-91FC-4B1D548DEB90}.Release|x86.ActiveCfg = Release|x86
		{EA7F45E1-9C04-4B7D-91FC-4B1D548DEB90}.Release|x86.Build.0 = Release|x86
	EndGlobalSection
	GlobalSection(MonoDevelopProperties) = preSolution
		StartupItem = Singelton\Singelton.csproj
	EndGlobalSection
EndGlobal
